
Microsoft Visual Studio Solution File, Format Version 12.00
# Visual Studio Version 16
VisualStudioVersion = 16.0.30621.155
MinimumVisualStudioVersion = 10.0.40219.1
Project("{FAE04EC0-301F-11D3-BF4B-00C04F79EFBC}") = "Web_TurnosBackOffice", "Web_TurnosBackOffice\Web_TurnosBackOffice.csproj", "{23C7BD9E-3A0B-47D8-9C35-863AF603F31A}"
EndProject
Global
	GlobalSection(SolutionConfigurationPlatforms) = preSolution
		Debug|Any CPU = Debug|Any CPU
		Release|Any CPU = Release|Any CPU
	EndGlobalSection
	GlobalSection(ProjectConfigurationPlatforms) = postSolution
		{23C7BD9E-3A0B-47D8-9C35-863AF603F31A}.Debug|Any CPU.ActiveCfg = Debug|Any CPU
		{23C7BD9E-3A0B-47D8-9C35-863AF603F31A}.Debug|Any CPU.Build.0 = Debug|Any CPU
		{23C7BD9E-3A0B-47D8-9C35-863AF603F31A}.Release|Any CPU.ActiveCfg = Release|Any CPU
		{23C7BD9E-3A0B-47D8-9C35-863AF603F31A}.Release|Any CPU.Build.0 = Release|Any CPU
	EndGlobalSection
	GlobalSection(SolutionProperties) = preSolution
		HideSolutionNode = FALSE
	EndGlobalSection
	GlobalSection(ExtensibilityGlobals) = postSolution
		SolutionGuid = {AF97FFE2-2BB2-45A7-B866-27260D911141}
	EndGlobalSection
EndGlobal
